
Microsoft Visual Studio Solution File, Format Version 12.00
# Visual Studio 15
Project("{FAE04EC0-301F-11D3-BF4B-00C04F79EFBC}") = "Assembly-CSharp", "Assembly-CSharp.csproj", "{A152ECF1-F6D3-B6DC-F5C3-5487724BADD7}"
EndProject
Project("{FAE04EC0-301F-11D3-BF4B-00C04F79EFBC}") = "Unity.XR.Interaction.Toolkit.Samples.StarterAssets", "Unity.XR.Interaction.Toolkit.Samples.StarterAssets.csproj", "{037111EC-BACA-CF9C-D48F-CF6451C73D3D}"
EndProject
Project("{FAE04EC0-301F-11D3-BF4B-00C04F79EFBC}") = "Unity.XR.Interaction.Toolkit.Samples.StarterAssets.Editor", "Unity.XR.Interaction.Toolkit.Samples.StarterAssets.Editor.csproj", "{3310B675-8EE9-8FC0-6E19-AC290C02E8A2}"
EndProject
Project("{FAE04EC0-301F-11D3-BF4B-00C04F79EFBC}") = "Assembly-CSharp-Editor", "Assembly-CSharp-Editor.csproj", "{50DA0FAF-58C0-A74E-50AD-A5C34D1DB4D8}"
EndProject
Project("{FAE04EC0-301F-11D3-BF4B-00C04F79EFBC}") = "Unity.XR.Interaction.Toolkit.Samples.DeviceSimulator", "Unity.XR.Interaction.Toolkit.Samples.DeviceSimulator.csproj", "{9FC695A8-CAD3-114E-A298-AA2F18EE86E4}"
EndProject
Project("{FAE04EC0-301F-11D3-BF4B-00C04F79EFBC}") = "Unity.XR.Hands.Samples.VisualizerSample", "Unity.XR.Hands.Samples.VisualizerSample.csproj", "{516C4245-5698-F38B-B9A3-3B417BFE5FB3}"
EndProject
Global
	GlobalSection(SolutionConfigurationPlatforms) = preSolution
		Debug|Any CPU = Debug|Any CPU
		Release|Any CPU = Release|Any CPU
	EndGlobalSection
	GlobalSection(ProjectConfigurationPlatforms) = postSolution
		{A152ECF1-F6D3-B6DC-F5C3-5487724BADD7}.Debug|Any CPU.ActiveCfg = Debug|Any CPU
		{A152ECF1-F6D3-B6DC-F5C3-5487724BADD7}.Debug|Any CPU.Build.0 = Debug|Any CPU
		{A152ECF1-F6D3-B6DC-F5C3-5487724BADD7}.Release|Any CPU.ActiveCfg = Release|Any CPU
		{A152ECF1-F6D3-B6DC-F5C3-5487724BADD7}.Release|Any CPU.Build.0 = Release|Any CPU
		{037111EC-BACA-CF9C-D48F-CF6451C73D3D}.Debug|Any CPU.ActiveCfg = Debug|Any CPU
		{037111EC-BACA-CF9C-D48F-CF6451C73D3D}.Debug|Any CPU.Build.0 = Debug|Any CPU
		{037111EC-BACA-CF9C-D48F-CF6451C73D3D}.Release|Any CPU.ActiveCfg = Release|Any CPU
		{037111EC-BACA-CF9C-D48F-CF6451C73D3D}.Release|Any CPU.Build.0 = Release|Any CPU
		{3310B675-8EE9-8FC0-6E19-AC290C02E8A2}.Debug|Any CPU.ActiveCfg = Debug|Any CPU
		{3310B675-8EE9-8FC0-6E19-AC290C02E8A2}.Debug|Any CPU.Build.0 = Debug|Any CPU
		{3310B675-8EE9-8FC0-6E19-AC290C02E8A2}.Release|Any CPU.ActiveCfg = Release|Any CPU
		{3310B675-8EE9-8FC0-6E19-AC290C02E8A2}.Release|Any CPU.Build.0 = Release|Any CPU
		{50DA0FAF-58C0-A74E-50AD-A5C34D1DB4D8}.Debug|Any CPU.ActiveCfg = Debug|Any CPU
		{50DA0FAF-58C0-A74E-50AD-A5C34D1DB4D8}.Debug|Any CPU.Build.0 = Debug|Any CPU
		{50DA0FAF-58C0-A74E-50AD-A5C34D1DB4D8}.Release|Any CPU.ActiveCfg = Release|Any CPU
		{50DA0FAF-58C0-A74E-50AD-A5C34D1DB4D8}.Release|Any CPU.Build.0 = Release|Any CPU
		{9FC695A8-CAD3-114E-A298-AA2F18EE86E4}.Debug|Any CPU.ActiveCfg = Debug|Any CPU
		{9FC695A8-CAD3-114E-A298-AA2F18EE86E4}.Debug|Any CPU.Build.0 = Debug|Any CPU
		{9FC695A8-CAD3-114E-A298-AA2F18EE86E4}.Release|Any CPU.ActiveCfg = Release|Any CPU
		{9FC695A8-CAD3-114E-A298-AA2F18EE86E4}.Release|Any CPU.Build.0 = Release|Any CPU
		{516C4245-5698-F38B-B9A3-3B417BFE5FB3}.Debug|Any CPU.ActiveCfg = Debug|Any CPU
		{516C4245-5698-F38B-B9A3-3B417BFE5FB3}.Debug|Any CPU.Build.0 = Debug|Any CPU
		{516C4245-5698-F38B-B9A3-3B417BFE5FB3}.Release|Any CPU.ActiveCfg = Release|Any CPU
		{516C4245-5698-F38B-B9A3-3B417BFE5FB3}.Release|Any CPU.Build.0 = Release|Any CPU
	EndGlobalSection
	GlobalSection(SolutionProperties) = preSolution
		HideSolutionNode = FALSE
	EndGlobalSection
EndGlobal
